// !$*UTF8*$!
{
	archiveVersion = 1;
	classes = {
	};
	objectVersion = 50;
	objects = {

/* Begin PBXBuildFile section */
		7076401926D5F8DB004E2556 /* AppDelegate.swift in Sources */ = {isa = PBXBuildFile; fileRef = 7076401826D5F8DB004E2556 /* AppDelegate.swift */; };
		7076401B26D5F8DB004E2556 /* SceneDelegate.swift in Sources */ = {isa = PBXBuildFile; fileRef = 7076401A26D5F8DB004E2556 /* SceneDelegate.swift */; };
		7076401D26D5F8DB004E2556 /* ViewController.swift in Sources */ = {isa = PBXBuildFile; fileRef = 7076401C26D5F8DB004E2556 /* ViewController.swift */; };
		7076402026D5F8DB004E2556 /* Main.storyboard in Resources */ = {isa = PBXBuildFile; fileRef = 7076401E26D5F8DB004E2556 /* Main.storyboard */; };
		7076402226D5F8DC004E2556 /* Assets.xcassets in Resources */ = {isa = PBXBuildFile; fileRef = 7076402126D5F8DC004E2556 /* Assets.xcassets */; };
		7076402526D5F8DC004E2556 /* LaunchScreen.storyboard in Resources */ = {isa = PBXBuildFile; fileRef = 7076402326D5F8DC004E2556 /* LaunchScreen.storyboard */; };
		7076403226D5FBD8004E2556 /* ToolsItems.swift in Sources */ = {isa = PBXBuildFile; fileRef = 7076403126D5FBD8004E2556 /* ToolsItems.swift */; };
		7076403526D5FCDD004E2556 /* MyList.plist in Resources */ = {isa = PBXBuildFile; fileRef = 7076403426D5FCDD004E2556 /* MyList.plist */; };
/* End PBXBuildFile section */

/* Begin PBXFileReference section */
		7076401526D5F8DB004E2556 /* PropertyListMe.app */ = {isa = PBXFileReference; explicitFileType = wrapper.application; includeInIndex = 0; path = PropertyListMe.app; sourceTree = BUILT_PRODUCTS_DIR; };
		7076401826D5F8DB004E2556 /* AppDelegate.swift */ = {isa = PBXFileReference; lastKnownFileType = sourcecode.swift; path = AppDelegate.swift; sourceTree = "<group>"; };
		7076401A26D5F8DB004E2556 /* SceneDelegate.swift */ = {isa = PBXFileReference; lastKnownFileType = sourcecode.swift; path = SceneDelegate.swift; sourceTree = "<group>"; };
		7076401C26D5F8DB004E2556 /* ViewController.swift */ = {isa = PBXFileReference; lastKnownFileType = sourcecode.swift; path = ViewController.swift; sourceTree = "<group>"; };
		7076401F26D5F8DB004E2556 /* Base */ = {isa = PBXFileReference; lastKnownFileType = file.storyboard; name = Base; path = Base.lproj/Main.storyboard; sourceTree = "<group>"; };
		7076402126D5F8DC004E2556 /* Assets.xcassets */ = {isa = PBXFileReference; lastKnownFileType = folder.assetcatalog; path = Assets.xcassets; sourceTree = "<group>"; };
		7076402426D5F8DC004E2556 /* Base */ = {isa = PBXFileReference; lastKnownFileType = file.storyboard; name = Base; path = Base.lproj/LaunchScreen.storyboard; sourceTree = "<group>"; };
		7076402626D5F8DC004E2556 /* Info.plist */ = {isa = PBXFileReference; lastKnownFileType = text.plist.xml; path = Info.plist; sourceTree = "<group>"; };
		7076403126D5FBD8004E2556 /* ToolsItems.swift */ = {isa = PBXFileReference; lastKnownFileType = sourcecode.swift; path = ToolsItems.swift; sourceTree = "<group>"; };
		7076403426D5FCDD004E2556 /* MyList.plist */ = {isa = PBXFileReference; fileEncoding = 4; lastKnownFileType = text.plist.xml; path = MyList.plist; sourceTree = "<group>"; };
/* End PBXFileReference section */

/* Begin PBXFrameworksBuildPhase section */
		7076401226D5F8DA004E2556 /* Frameworks */ = {
			isa = PBXFrameworksBuildPhase;
			buildActionMask = 2147483647;
			files = (
			);
			runOnlyForDeploymentPostprocessing = 0;
		};
/* End PBXFrameworksBuildPhase section */

/* Begin PBXGroup section */
		7076400C26D5F8DA004E2556 = {
			isa = PBXGroup;
			children = (
				7076401726D5F8DB004E2556 /* PropertyListMe */,
				7076401626D5F8DB004E2556 /* Products */,
			);
			sourceTree = "<group>";
		};
		7076401626D5F8DB004E2556 /* Products */ = {
			isa = PBXGroup;
			children = (
				7076401526D5F8DB004E2556 /* PropertyListMe.app */,
			);
			name = Products;
			sourceTree = "<group>";
		};
		7076401726D5F8DB004E2556 /* PropertyListMe */ = {
			isa = PBXGroup;
			children = (
				7076403426D5FCDD004E2556 /* MyList.plist */,
				7076401826D5F8DB004E2556 /* AppDelegate.swift */,
				7076401A26D5F8DB004E2556 /* SceneDelegate.swift */,
				7076401C26D5F8DB004E2556 /* ViewController.swift */,
				7076403126D5FBD8004E2556 /* ToolsItems.swift */,
				7076401E26D5F8DB004E2556 /* Main.storyboard */,
				7076402126D5F8DC004E2556 /* Assets.xcassets */,
				7076402326D5F8DC004E2556 /* LaunchScreen.storyboard */,
				7076402626D5F8DC004E2556 /* Info.plist */,
			);
			path = PropertyListMe;
			sourceTree = "<group>";
		};
/* End PBXGroup section */

/* Begin PBXNativeTarget section */
		7076401426D5F8DA004E2556 /* PropertyListMe */ = {
			isa = PBXNativeTarget;
			buildConfigurationList = 7076402926D5F8DC004E2556 /* Build configuration list for PBXNativeTarget "PropertyListMe" */;
			buildPhases = (
				7076401126D5F8DA004E2556 /* Sources */,
				7076401226D5F8DA004E2556 /* Frameworks */,
				7076401326D5F8DA004E2556 /* Resources */,
			);
			buildRules = (
			);
			dependencies = (
			);
			name = PropertyListMe;
			productName = PropertyListMe;
			productReference = 7076401526D5F8DB004E2556 /* PropertyListMe.app */;
			productType = "com.apple.product-type.application";
		};
/* End PBXNativeTarget section */

/* Begin PBXProject section */
		7076400D26D5F8DA004E2556 /* Project object */ = {
			isa = PBXProject;
			attributes = {
				LastSwiftUpdateCheck = 1240;
				LastUpgradeCheck = 1240;
				TargetAttributes = {
					7076401426D5F8DA004E2556 = {
						CreatedOnToolsVersion = 12.4;
					};
				};
			};
			buildConfigurationList = 7076401026D5F8DA004E2556 /* Build configuration list for PBXProject "PropertyListMe" */;
			compatibilityVersion = "Xcode 9.3";
			developmentRegion = en;
			hasScannedForEncodings = 0;
			knownRegions = (
				en,
				Base,
			);
			mainGroup = 7076400C26D5F8DA004E2556;
			productRefGroup = 7076401626D5F8DB004E2556 /* Products */;
			projectDirPath = "";
			projectRoot = "";
			targets = (
				7076401426D5F8DA004E2556 /* PropertyListMe */,
			);
		};
/* End PBXProject section */

/* Begin PBXResourcesBuildPhase section */
		7076401326D5F8DA004E2556 /* Resources */ = {
			isa = PBXResourcesBuildPhase;
			buildActionMask = 2147483647;
			files = (
				7076403526D5FCDD004E2556 /* MyList.plist in Resources */,
				7076402526D5F8DC004E2556 /* LaunchScreen.storyboard in Resources */,
				7076402226D5F8DC004E2556 /* Assets.xcassets in Resources */,
				7076402026D5F8DB004E2556 /* Main.storyboard in Resources */,
			);
			runOnlyForDeploymentPostprocessing = 0;
		};
/* End PBXResourcesBuildPhase section */

/* Begin PBXSourcesBuildPhase section */
		7076401126D5F8DA004E2556 /* Sources */ = {
			isa = PBXSourcesBuildPhase;
			buildActionMask = 2147483647;
			files = (
				7076401D26D5F8DB004E2556 /* ViewController.swift in Sources */,
				7076401926D5F8DB004E2556 /* AppDelegate.swift in Sources */,
				7076403226D5FBD8004E2556 /* ToolsItems.swift in Sources */,
				7076401B26D5F8DB004E2556 /* SceneDelegate.swift in Sources */,
			);
			runOnlyForDeploymentPostprocessing = 0;
		};
/* End PBXSourcesBuildPhase section */

/* Begin PBXVariantGroup section */
		7076401E26D5F8DB004E2556 /* Main.storyboard */ = {
			isa = PBXVariantGroup;
			children = (
				7076401F26D5F8DB004E2556 /* Base */,
			);
			name = Main.storyboard;
			sourceTree = "<group>";
		};
		7076402326D5F8DC004E2556 /* LaunchScreen.storyboard */ = {
			isa = PBXVariantGroup;
			children = (
				7076402426D5F8DC004E2556 /* Base */,
			);
			name = LaunchScreen.storyboard;
			sourceTree = "<group>";
		};
/* End PBXVariantGroup section */

/* Begin XCBuildConfiguration section */
		7076402726D5F8DC004E2556 /* Debug */ = {
			isa = XCBuildConfiguration;
			buildSettings = {
				ALWAYS_SEARCH_USER_PATHS = NO;
				CLANG_ANALYZER_NONNULL = YES;
				CLANG_ANALYZER_NUMBER_OBJECT_CONVERSION = YES_AGGRESSIVE;
				CLANG_CXX_LANGUAGE_STANDARD = "gnu++14";
				CLANG_CXX_LIBRARY = "libc++";
				CLANG_ENABLE_MODULES = YES;
				CLANG_ENABLE_OBJC_ARC = YES;
				CLANG_ENABLE_OBJC_WEAK = YES;
				CLANG_WARN_BLOCK_CAPTURE_AUTORELEASING = YES;
				CLANG_WARN_BOOL_CONVERSION = YES;
				CLANG_WARN_COMMA = YES;
				CLANG_WARN_CONSTANT_CONVERSION = YES;
				CLANG_WARN_DEPRECATED_OBJC_IMPLEMENTATIONS = YES;
				CLANG_WARN_DIRECT_OBJC_ISA_USAGE = YES_ERROR;
				CLANG_WARN_DOCUMENTATION_COMMENTS = YES;
				CLANG_WARN_EMPTY_BODY = YES;
				CLANG_WARN_ENUM_CONVERSION = YES;
				CLANG_WARN_INFINITE_RECURSION = YES;
				CLANG_WARN_INT_CONVERSION = YES;
				CLANG_WARN_NON_LITERAL_NULL_CONVERSION = YES;
				CLANG_WARN_OBJC_IMPLICIT_RETAIN_SELF = YES;
				CLANG_WARN_OBJC_LITERAL_CONVERSION = YES;
				CLANG_WARN_OBJC_ROOT_CLASS = YES_ERROR;
				CLANG_WARN_QUOTED_INCLUDE_IN_FRAMEWORK_HEADER = YES;
				CLANG_WARN_RANGE_LOOP_ANALYSIS = YES;
				CLANG_WARN_STRICT_PROTOTYPES = YES;
				CLANG_WARN_SUSPICIOUS_MOVE = YES;
				CLANG_WARN_UNGUARDED_AVAILABILITY = YES_AGGRESSIVE;
				CLANG_WARN_UNREACHABLE_CODE = YES;
				CLANG_WARN__DUPLICATE_METHOD_MATCH = YES;
				COPY_PHASE_STRIP = NO;
				DEBUG_INFORMATION_FORMAT = dwarf;
				ENABLE_STRICT_OBJC_MSGSEND = YES;
				ENABLE_TESTABILITY = YES;
				GCC_C_LANGUAGE_STANDARD = gnu11;
				GCC_DYNAMIC_NO_PIC = NO;
				GCC_NO_COMMON_BLOCKS = YES;
				GCC_OPTIMIZATION_LEVEL = 0;
				GCC_PREPROCESSOR_DEFINITIONS = (
					"DEBUG=1",
					"$(inherited)",
				);
				GCC_WARN_64_TO_32_BIT_CONVERSION = YES;
				GCC_WARN_ABOUT_RETURN_TYPE = YES_ERROR;
				GCC_WARN_UNDECLARED_SELECTOR = YES;
				GCC_WARN_UNINITIALIZED_AUTOS = YES_AGGRESSIVE;
				GCC_WARN_UNUSED_FUNCTION = YES;
				GCC_WARN_UNUSED_VARIABLE = YES;
				IPHONEOS_DEPLOYMENT_TARGET = 14.4;
				MTL_ENABLE_DEBUG_INFO = INCLUDE_SOURCE;
				MTL_FAST_MATH = YES;
				ONLY_ACTIVE_ARCH = YES;
				SDKROOT = iphoneos;
				SWIFT_ACTIVE_COMPILATION_CONDITIONS = DEBUG;
				SWIFT_OPTIMIZATION_LEVEL = "-Onone";
			};
			name = Debug;
		};
		7076402826D5F8DC004E2556 /* Release */ = {
			isa = XCBuildConfiguration;
			buildSettings = {
				ALWAYS_SEARCH_USER_PATHS = NO;
				CLANG_ANALYZER_NONNULL = YES;
				CLANG_ANALYZER_NUMBER_OBJECT_CONVERSION = YES_AGGRESSIVE;
				CLANG_CXX_LANGUAGE_STANDARD = "gnu++14";
				CLANG_CXX_LIBRARY = "libc++";
				CLANG_ENABLE_MODULES = YES;
				CLANG_ENABLE_OBJC_ARC = YES;
				CLANG_ENABLE_OBJC_WEAK = YES;
				CLANG_WARN_BLOCK_CAPTURE_AUTORELEASING = YES;
				CLANG_WARN_BOOL_CONVERSION = YES;
				CLANG_WARN_COMMA = YES;
				CLANG_WARN_CONSTANT_CONVERSION = YES;
				CLANG_WARN_DEPRECATED_OBJC_IMPLEMENTATIONS = YES;
				CLANG_WARN_DIRECT_OBJC_ISA_USAGE = YES_ERROR;
				CLANG_WARN_DOCUMENTATION_COMMENTS = YES;
				CLANG_WARN_EMPTY_BODY = YES;
				CLANG_WARN_ENUM_CONVERSION = YES;
				CLANG_WARN_INFINITE_RECURSION = YES;
				CLANG_WARN_INT_CONVERSION = YES;
				CLANG_WARN_NON_LITERAL_NULL_CONVERSION = YES;
				CLANG_WARN_OBJC_IMPLICIT_RETAIN_SELF = YES;
				CLANG_WARN_OBJC_LITERAL_CONVERSION = YES;
				CLANG_WARN_OBJC_ROOT_CLASS = YES_ERROR;
				CLANG_WARN_QUOTED_INCLUDE_IN_FRAMEWORK_HEADER = YES;
				CLANG_WARN_RANGE_LOOP_ANALYSIS = YES;
				CLANG_WARN_STRICT_PROTOTYPES = YES;
				CLANG_WARN_SUSPICIOUS_MOVE = YES;
				CLANG_WARN_UNGUARDED_AVAILABILITY = YES_AGGRESSIVE;
				CLANG_WARN_UNREACHABLE_CODE = YES;
				CLANG_WARN__DUPLICATE_METHOD_MATCH = YES;
				COPY_PHASE_STRIP = NO;
				DEBUG_INFORMATION_FORMAT = "dwarf-with-dsym";
				ENABLE_NS_ASSERTIONS = NO;
				ENABLE_STRICT_OBJC_MSGSEND = YES;
				GCC_C_LANGUAGE_STANDARD = gnu11;
				GCC_NO_COMMON_BLOCKS = YES;
				GCC_WARN_64_TO_32_BIT_CONVERSION = YES;
				GCC_WARN_ABOUT_RETURN_TYPE = YES_ERROR;
				GCC_WARN_UNDECLARED_SELECTOR = YES;
				GCC_WARN_UNINITIALIZED_AUTOS = YES_AGGRESSIVE;
				GCC_WARN_UNUSED_FUNCTION = YES;
				GCC_WARN_UNUSED_VARIABLE = YES;
				IPHONEOS_DEPLOYMENT_TARGET = 14.4;
				MTL_ENABLE_DEBUG_INFO = NO;
				MTL_FAST_MATH = YES;
				SDKROOT = iphoneos;
				SWIFT_COMPILATION_MODE = wholemodule;
				SWIFT_OPTIMIZATION_LEVEL = "-O";
				VALIDATE_PRODUCT = YES;
			};
			name = Release;
		};
		7076402A26D5F8DC004E2556 /* Debug */ = {
			isa = XCBuildConfiguration;
			buildSettings = {
				ASSETCATALOG_COMPILER_APPICON_NAME = AppIcon;
				ASSETCATALOG_COMPILER_GLOBAL_ACCENT_COLOR_NAME = AccentColor;
				CODE_SIGN_STYLE = Automatic;
				CURRENT_PROJECT_VERSION = 1000;
				DEVELOPMENT_TEAM = 9XNEX783H5;
				INFOPLIST_FILE = PropertyListMe/Info.plist;
				LD_RUNPATH_SEARCH_PATHS = (
					"$(inherited)",
					"@executable_path/Frameworks",
				);
				MARKETING_VERSION = 1.0.0;
				PRODUCT_BUNDLE_IDENTIFIER = net.mhvt.PropertyListMe;
				PRODUCT_NAME = "$(TARGET_NAME)";
				SWIFT_VERSION = 5.0;
				TARGETED_DEVICE_FAMILY = 1;
			};
			name = Debug;
		};
		7076402B26D5F8DC004E2556 /* Release */ = {
			isa = XCBuildConfiguration;
			buildSettings = {
				ASSETCATALOG_COMPILER_APPICON_NAME = AppIcon;
				ASSETCATALOG_COMPILER_GLOBAL_ACCENT_COLOR_NAME = AccentColor;
				CODE_SIGN_STYLE = Automatic;
				CURRENT_PROJECT_VERSION = 1000;
				DEVELOPMENT_TEAM = 9XNEX783H5;
				INFOPLIST_FILE = PropertyListMe/Info.plist;
				LD_RUNPATH_SEARCH_PATHS = (
					"$(inherited)",
					"@executable_path/Frameworks",
				);
				MARKETING_VERSION = 1.0.0;
				PRODUCT_BUNDLE_IDENTIFIER = net.mhvt.PropertyListMe;
				PRODUCT_NAME = "$(TARGET_NAME)";
				SWIFT_VERSION = 5.0;
				TARGETED_DEVICE_FAMILY = 1;
			};
			name = Release;
		};
/* End XCBuildConfiguration section */

/* Begin XCConfigurationList section */
		7076401026D5F8DA004E2556 /* Build configuration list for PBXProject "PropertyListMe" */ = {
			isa = XCConfigurationList;
			buildConfigurations = (
				7076402726D5F8DC004E2556 /* Debug */,
				7076402826D5F8DC004E2556 /* Release */,
			);
			defaultConfigurationIsVisible = 0;
			defaultConfigurationName = Release;
		};
		7076402926D5F8DC004E2556 /* Build configuration list for PBXNativeTarget "PropertyListMe" */ = {
			isa = XCConfigurationList;
			buildConfigurations = (
				7076402A26D5F8DC004E2556 /* Debug */,
				7076402B26D5F8DC004E2556 /* Release */,
			);
			defaultConfigurationIsVisible = 0;
			defaultConfigurationName = Release;
		};
/* End XCConfigurationList section */
	};
	rootObject = 7076400D26D5F8DA004E2556 /* Project object */;
}
